
Microsoft Visual Studio Solution File, Format Version 12.00
# Visual Studio 15
VisualStudioVersion = 15.0.28307.757
MinimumVisualStudioVersion = 10.0.40219.1
Project("{8BC9CEB8-8B4A-11D0-8D11-00A0C91BC942}") = "7-31", "7-31\7-31.vcxproj", "{A7787A3C-8C11-418F-968D-0D0490FA7EDB}"
EndProject
Global
	GlobalSection(SolutionConfigurationPlatforms) = preSolution
		Debug|x64 = Debug|x64
		Debug|x86 = Debug|x86
		Release|x64 = Release|x64
		Release|x86 = Release|x86
	EndGlobalSection
	GlobalSection(ProjectConfigurationPlatforms) = postSolution
		{A7787A3C-8C11-418F-968D-0D0490FA7EDB}.Debug|x64.ActiveCfg = Debug|x64
		{A7787A3C-8C11-418F-968D-0D0490FA7EDB}.Debug|x64.Build.0 = Debug|x64
		{A7787A3C-8C11-418F-968D-0D0490FA7EDB}.Debug|x86.ActiveCfg = Debug|Win32
		{A7787A3C-8C11-418F-968D-0D0490FA7EDB}.Debug|x86.Build.0 = Debug|Win32
		{A7787A3C-8C11-418F-968D-0D0490FA7EDB}.Release|x64.ActiveCfg = Release|x64
		{A7787A3C-8C11-418F-968D-0D0490FA7EDB}.Release|x64.Build.0 = Release|x64
		{A7787A3C-8C11-418F-968D-0D0490FA7EDB}.Release|x86.ActiveCfg = Release|Win32
		{A7787A3C-8C11-418F-968D-0D0490FA7EDB}.Release|x86.Build.0 = Release|Win32
	EndGlobalSection
	GlobalSection(SolutionProperties) = preSolution
		HideSolutionNode = FALSE
	EndGlobalSection
	GlobalSection(ExtensibilityGlobals) = postSolution
		SolutionGuid = {3D92BEFE-D815-4B23-A72D-50C3A787E501}
	EndGlobalSection
EndGlobal
