
Microsoft Visual Studio Solution File, Format Version 12.00
# Visual Studio 15
VisualStudioVersion = 15.0.28307.539
MinimumVisualStudioVersion = 10.0.40219.1
Project("{8BC9CEB8-8B4A-11D0-8D11-00A0C91BC942}") = "三个数从小到大输出", "三个数从小到大输出\三个数从小到大输出.vcxproj", "{A7589248-C08A-49A5-AC8B-7571F80FEA17}"
EndProject
Global
	GlobalSection(SolutionConfigurationPlatforms) = preSolution
		Debug|x64 = Debug|x64
		Debug|x86 = Debug|x86
		Release|x64 = Release|x64
		Release|x86 = Release|x86
	EndGlobalSection
	GlobalSection(ProjectConfigurationPlatforms) = postSolution
		{A7589248-C08A-49A5-AC8B-7571F80FEA17}.Debug|x64.ActiveCfg = Debug|x64
		{A7589248-C08A-49A5-AC8B-7571F80FEA17}.Debug|x64.Build.0 = Debug|x64
		{A7589248-C08A-49A5-AC8B-7571F80FEA17}.Debug|x86.ActiveCfg = Debug|Win32
		{A7589248-C08A-49A5-AC8B-7571F80FEA17}.Debug|x86.Build.0 = Debug|Win32
		{A7589248-C08A-49A5-AC8B-7571F80FEA17}.Release|x64.ActiveCfg = Release|x64
		{A7589248-C08A-49A5-AC8B-7571F80FEA17}.Release|x64.Build.0 = Release|x64
		{A7589248-C08A-49A5-AC8B-7571F80FEA17}.Release|x86.ActiveCfg = Release|Win32
		{A7589248-C08A-49A5-AC8B-7571F80FEA17}.Release|x86.Build.0 = Release|Win32
	EndGlobalSection
	GlobalSection(SolutionProperties) = preSolution
		HideSolutionNode = FALSE
	EndGlobalSection
	GlobalSection(ExtensibilityGlobals) = postSolution
		SolutionGuid = {F15EBBC0-AA75-48BB-A9DA-867D4BE01B60}
	EndGlobalSection
EndGlobal
